
Microsoft Visual Studio Solution File, Format Version 12.00
# Visual Studio Version 17
VisualStudioVersion = 17.0.31903.59
MinimumVisualStudioVersion = 10.0.40219.1
Project("{FAE04EC0-301F-11D3-BF4B-00C04F79EFBC}") = "API", "API\API.csproj", "{6F9072B3-05FF-4D3F-95DB-6BE68A252926}"
EndProject
Project("{FAE04EC0-301F-11D3-BF4B-00C04F79EFBC}") = "Application", "Application\Application.csproj", "{F7BFD7C4-78AB-4C40-BAB7-90E5FE371AF3}"
EndProject
Project("{FAE04EC0-301F-11D3-BF4B-00C04F79EFBC}") = "Persistence", "Persistence\Persistence.csproj", "{A381D251-6B51-4613-8F2A-216B41D0E85C}"
EndProject
Project("{FAE04EC0-301F-11D3-BF4B-00C04F79EFBC}") = "Domain", "Domain\Domain.csproj", "{4CBADE08-840B-4B36-AAF0-EA0A3F9B3662}"
EndProject
Global
	GlobalSection(SolutionConfigurationPlatforms) = preSolution
		Debug|Any CPU = Debug|Any CPU
		Debug|x64 = Debug|x64
		Debug|x86 = Debug|x86
		Release|Any CPU = Release|Any CPU
		Release|x64 = Release|x64
		Release|x86 = Release|x86
	EndGlobalSection
	GlobalSection(ProjectConfigurationPlatforms) = postSolution
		{6F9072B3-05FF-4D3F-95DB-6BE68A252926}.Debug|Any CPU.ActiveCfg = Debug|Any CPU
		{6F9072B3-05FF-4D3F-95DB-6BE68A252926}.Debug|Any CPU.Build.0 = Debug|Any CPU
		{6F9072B3-05FF-4D3F-95DB-6BE68A252926}.Debug|x64.ActiveCfg = Debug|Any CPU
		{6F9072B3-05FF-4D3F-95DB-6BE68A252926}.Debug|x64.Build.0 = Debug|Any CPU
		{6F9072B3-05FF-4D3F-95DB-6BE68A252926}.Debug|x86.ActiveCfg = Debug|Any CPU
		{6F9072B3-05FF-4D3F-95DB-6BE68A252926}.Debug|x86.Build.0 = Debug|Any CPU
		{6F9072B3-05FF-4D3F-95DB-6BE68A252926}.Release|Any CPU.ActiveCfg = Release|Any CPU
		{6F9072B3-05FF-4D3F-95DB-6BE68A252926}.Release|Any CPU.Build.0 = Release|Any CPU
		{6F9072B3-05FF-4D3F-95DB-6BE68A252926}.Release|x64.ActiveCfg = Release|Any CPU
		{6F9072B3-05FF-4D3F-95DB-6BE68A252926}.Release|x64.Build.0 = Release|Any CPU
		{6F9072B3-05FF-4D3F-95DB-6BE68A252926}.Release|x86.ActiveCfg = Release|Any CPU
		{6F9072B3-05FF-4D3F-95DB-6BE68A252926}.Release|x86.Build.0 = Release|Any CPU
		{F7BFD7C4-78AB-4C40-BAB7-90E5FE371AF3}.Debug|Any CPU.ActiveCfg = Debug|Any CPU
		{F7BFD7C4-78AB-4C40-BAB7-90E5FE371AF3}.Debug|Any CPU.Build.0 = Debug|Any CPU
		{F7BFD7C4-78AB-4C40-BAB7-90E5FE371AF3}.Debug|x64.ActiveCfg = Debug|Any CPU
		{F7BFD7C4-78AB-4C40-BAB7-90E5FE371AF3}.Debug|x64.Build.0 = Debug|Any CPU
		{F7BFD7C4-78AB-4C40-BAB7-90E5FE371AF3}.Debug|x86.ActiveCfg = Debug|Any CPU
		{F7BFD7C4-78AB-4C40-BAB7-90E5FE371AF3}.Debug|x86.Build.0 = Debug|Any CPU
		{F7BFD7C4-78AB-4C40-BAB7-90E5FE371AF3}.Release|Any CPU.ActiveCfg = Release|Any CPU
		{F7BFD7C4-78AB-4C40-BAB7-90E5FE371AF3}.Release|Any CPU.Build.0 = Release|Any CPU
		{F7BFD7C4-78AB-4C40-BAB7-90E5FE371AF3}.Release|x64.ActiveCfg = Release|Any CPU
		{F7BFD7C4-78AB-4C40-BAB7-90E5FE371AF3}.Release|x64.Build.0 = Release|Any CPU
		{F7BFD7C4-78AB-4C40-BAB7-90E5FE371AF3}.Release|x86.ActiveCfg = Release|Any CPU
		{F7BFD7C4-78AB-4C40-BAB7-90E5FE371AF3}.Release|x86.Build.0 = Release|Any CPU
		{A381D251-6B51-4613-8F2A-216B41D0E85C}.Debug|Any CPU.ActiveCfg = Debug|Any CPU
		{A381D251-6B51-4613-8F2A-216B41D0E85C}.Debug|Any CPU.Build.0 = Debug|Any CPU
		{A381D251-6B51-4613-8F2A-216B41D0E85C}.Debug|x64.ActiveCfg = Debug|Any CPU
		{A381D251-6B51-4613-8F2A-216B41D0E85C}.Debug|x64.Build.0 = Debug|Any CPU
		{A381D251-6B51-4613-8F2A-216B41D0E85C}.Debug|x86.ActiveCfg = Debug|Any CPU
		{A381D251-6B51-4613-8F2A-216B41D0E85C}.Debug|x86.Build.0 = Debug|Any CPU
		{A381D251-6B51-4613-8F2A-216B41D0E85C}.Release|Any CPU.ActiveCfg = Release|Any CPU
		{A381D251-6B51-4613-8F2A-216B41D0E85C}.Release|Any CPU.Build.0 = Release|Any CPU
		{A381D251-6B51-4613-8F2A-216B41D0E85C}.Release|x64.ActiveCfg = Release|Any CPU
		{A381D251-6B51-4613-8F2A-216B41D0E85C}.Release|x64.Build.0 = Release|Any CPU
		{A381D251-6B51-4613-8F2A-216B41D0E85C}.Release|x86.ActiveCfg = Release|Any CPU
		{A381D251-6B51-4613-8F2A-216B41D0E85C}.Release|x86.Build.0 = Release|Any CPU
		{4CBADE08-840B-4B36-AAF0-EA0A3F9B3662}.Debug|Any CPU.ActiveCfg = Debug|Any CPU
		{4CBADE08-840B-4B36-AAF0-EA0A3F9B3662}.Debug|Any CPU.Build.0 = Debug|Any CPU
		{4CBADE08-840B-4B36-AAF0-EA0A3F9B3662}.Debug|x64.ActiveCfg = Debug|Any CPU
		{4CBADE08-840B-4B36-AAF0-EA0A3F9B3662}.Debug|x64.Build.0 = Debug|Any CPU
		{4CBADE08-840B-4B36-AAF0-EA0A3F9B3662}.Debug|x86.ActiveCfg = Debug|Any CPU
		{4CBADE08-840B-4B36-AAF0-EA0A3F9B3662}.Debug|x86.Build.0 = Debug|Any CPU
		{4CBADE08-840B-4B36-AAF0-EA0A3F9B3662}.Release|Any CPU.ActiveCfg = Release|Any CPU
		{4CBADE08-840B-4B36-AAF0-EA0A3F9B3662}.Release|Any CPU.Build.0 = Release|Any CPU
		{4CBADE08-840B-4B36-AAF0-EA0A3F9B3662}.Release|x64.ActiveCfg = Release|Any CPU
		{4CBADE08-840B-4B36-AAF0-EA0A3F9B3662}.Release|x64.Build.0 = Release|Any CPU
		{4CBADE08-840B-4B36-AAF0-EA0A3F9B3662}.Release|x86.ActiveCfg = Release|Any CPU
		{4CBADE08-840B-4B36-AAF0-EA0A3F9B3662}.Release|x86.Build.0 = Release|Any CPU
	EndGlobalSection
	GlobalSection(SolutionProperties) = preSolution
		HideSolutionNode = FALSE
	EndGlobalSection
EndGlobal
